
Microsoft Visual Studio Solution File, Format Version 12.00
# Visual Studio Version 17
VisualStudioVersion = 17.12.35527.113
MinimumVisualStudioVersion = 10.0.40219.1
Project("{FAE04EC0-301F-11D3-BF4B-00C04F79EFBC}") = "ListBuckets", "ListBuckets\ListBuckets.csproj", "{969D3FA2-7418-4837-9CC4-B6ACBB409F3C}"
EndProject
Project("{FAE04EC0-301F-11D3-BF4B-00C04F79EFBC}") = "GetObject", "GetObject\GetObject.csproj", "{855677C7-3A8D-4758-B1E1-0D300737C318}"
EndProject
Project("{FAE04EC0-301F-11D3-BF4B-00C04F79EFBC}") = "ListObjects", "ListObjects\ListObjects.csproj", "{3760A587-13D9-4869-8184-376BCCF9A9F1}"
EndProject
Project("{FAE04EC0-301F-11D3-BF4B-00C04F79EFBC}") = "PutObject", "PutObject\PutObject.csproj", "{99352F15-A1E6-4CE6-BAB4-D9999A263D8F}"
EndProject
Project("{FAE04EC0-301F-11D3-BF4B-00C04F79EFBC}") = "PutBucketAcl", "PutBucketAcl\PutBucketAcl.csproj", "{C5BB7613-4F13-401D-AE2D-04E766D14D78}"
EndProject
Project("{FAE04EC0-301F-11D3-BF4B-00C04F79EFBC}") = "GetBucketAcl", "GetBucketAcl\GetBucketAcl.csproj", "{024FC8BD-46CC-4E2F-B513-BD1351CC51A8}"
EndProject
Project("{FAE04EC0-301F-11D3-BF4B-00C04F79EFBC}") = "PutBucket", "PutBucket\PutBucket.csproj", "{64009374-8F59-4F3F-AFC0-65D5A3AC2EA6}"
EndProject
Project("{FAE04EC0-301F-11D3-BF4B-00C04F79EFBC}") = "ListObjectsV2", "ListObjectsV2\ListObjectsV2.csproj", "{CD6AD99F-1740-4235-AD02-78AA9CC00457}"
EndProject
Project("{FAE04EC0-301F-11D3-BF4B-00C04F79EFBC}") = "GetBucketInfo", "GetBucketInfo\GetBucketInfo.csproj", "{04CAC99E-38A9-40D2-B18E-D60655364CDB}"
EndProject
Project("{FAE04EC0-301F-11D3-BF4B-00C04F79EFBC}") = "GetBucketLocation", "GetBucketLocation\GetBucketLocation.csproj", "{320DA391-916E-44D7-99A7-AD68B095C8E6}"
EndProject
Project("{FAE04EC0-301F-11D3-BF4B-00C04F79EFBC}") = "GetBucketStat", "GetBucketStat\GetBucketStat.csproj", "{0D8025F3-4C17-4459-9F64-5843E6800C9B}"
EndProject
Project("{FAE04EC0-301F-11D3-BF4B-00C04F79EFBC}") = "PutObjectFromFile", "PutObjectFromFile\PutObjectFromFile.csproj", "{2923930A-CA54-4763-80E3-FC61300BC23E}"
EndProject
Project("{FAE04EC0-301F-11D3-BF4B-00C04F79EFBC}") = "GetObjectToFile", "GetObjectToFile\GetObjectToFile.csproj", "{86245727-E335-423D-8E4E-A6D2E43F3E1D}"
EndProject
Project("{FAE04EC0-301F-11D3-BF4B-00C04F79EFBC}") = "AppendObject", "AppendObject\AppendObject.csproj", "{FB17A84D-6C01-465C-B1AD-7870761E1F30}"
EndProject
Project("{FAE04EC0-301F-11D3-BF4B-00C04F79EFBC}") = "CopyObject", "CopyObject\CopyObject.csproj", "{6B449621-2879-42A7-A2C7-DED5A42060F0}"
EndProject
Project("{FAE04EC0-301F-11D3-BF4B-00C04F79EFBC}") = "HeadObject", "HeadObject\HeadObject.csproj", "{B6E9ADA0-8CE3-4AEA-9AB3-31F7B028612E}"
EndProject
Project("{FAE04EC0-301F-11D3-BF4B-00C04F79EFBC}") = "GetObjectMeta", "GetObjectMeta\GetObjectMeta.csproj", "{7862779A-FA71-4553-AEEC-489E64E144C1}"
EndProject
Project("{FAE04EC0-301F-11D3-BF4B-00C04F79EFBC}") = "GetObjectAcl", "GetObjectAcl\GetObjectAcl.csproj", "{C7FC8D56-71C2-4E4C-AFF5-32A1FC3C8F34}"
EndProject
Project("{FAE04EC0-301F-11D3-BF4B-00C04F79EFBC}") = "GetObjectTagging", "GetObjectTagging\GetObjectTagging.csproj", "{CF51E84D-CA92-44BE-831A-C9C4E75255A6}"
EndProject
Project("{FAE04EC0-301F-11D3-BF4B-00C04F79EFBC}") = "PutObjectTagging", "PutObjectTagging\PutObjectTagging.csproj", "{9CFA374A-627C-447D-A03F-6470D90AAA99}"
EndProject
Project("{FAE04EC0-301F-11D3-BF4B-00C04F79EFBC}") = "PutObjectAcl", "PutObjectAcl\PutObjectAcl.csproj", "{8CB744D0-F9A6-4BC4-B675-D49F67300F31}"
EndProject
Project("{FAE04EC0-301F-11D3-BF4B-00C04F79EFBC}") = "DeleteObjectTagging", "DeleteObjectTagging\DeleteObjectTagging.csproj", "{F616A91F-E565-4D40-9A4B-1A990A1209AA}"
EndProject
Project("{FAE04EC0-301F-11D3-BF4B-00C04F79EFBC}") = "DeleteObject", "DeleteObject\DeleteObject.csproj", "{3E95ABBA-56B2-4014-8BF4-D18A3DDBA90F}"
EndProject
Project("{FAE04EC0-301F-11D3-BF4B-00C04F79EFBC}") = "PutSymlink", "PutSymlink\PutSymlink.csproj", "{32A24DA3-97A5-4508-A30E-BC51A6C6B207}"
EndProject
Project("{FAE04EC0-301F-11D3-BF4B-00C04F79EFBC}") = "GetSymlink", "GetSymlink\GetSymlink.csproj", "{B7236AAB-3EF7-484F-8CD9-87793503B17A}"
EndProject
Project("{FAE04EC0-301F-11D3-BF4B-00C04F79EFBC}") = "IsBucketExist", "IsBucketExist\IsBucketExist.csproj", "{FDD43A26-EABD-4303-A8D4-330A02C8288F}"
EndProject
Project("{FAE04EC0-301F-11D3-BF4B-00C04F79EFBC}") = "IsObjectExist", "IsObjectExist\IsObjectExist.csproj", "{093A1EDF-E5C4-43E4-BCE1-996D1F44ABB3}"
EndProject
Project("{FAE04EC0-301F-11D3-BF4B-00C04F79EFBC}") = "CleanRestoredObject", "CleanRestoredObject\CleanRestoredObject.csproj", "{15170912-6CAC-495A-86FF-959FEE1847DE}"
EndProject
Project("{FAE04EC0-301F-11D3-BF4B-00C04F79EFBC}") = "RestoreObject", "RestoreObject\RestoreObject.csproj", "{16D13DC7-0BC9-40D8-8E2D-4B8A9114120C}"
EndProject
Project("{FAE04EC0-301F-11D3-BF4B-00C04F79EFBC}") = "PresignGetObject", "PresignGetObject\PresignGetObject.csproj", "{283F65F4-5F91-4BA0-B694-D93826990182}"
EndProject
Project("{FAE04EC0-301F-11D3-BF4B-00C04F79EFBC}") = "PresignPutObject", "PresignPutObject\PresignPutObject.csproj", "{8162A796-E988-42E2-B2DF-8F76D7F33602}"
EndProject
Project("{FAE04EC0-301F-11D3-BF4B-00C04F79EFBC}") = "GetBucketVersioning", "GetBucketVersioning\GetBucketVersioning.csproj", "{53648FC8-2D94-4446-8FA9-ADD6C11B5FBC}"
EndProject
Project("{FAE04EC0-301F-11D3-BF4B-00C04F79EFBC}") = "PutBucketVersioning", "PutBucketVersioning\PutBucketVersioning.csproj", "{A49590B6-2ADA-42B3-B0AC-E4EA277FF892}"
EndProject
Project("{FAE04EC0-301F-11D3-BF4B-00C04F79EFBC}") = "ListObjectVersions", "ListObjectVersions\ListObjectVersions.csproj", "{EFB63B13-5887-404A-87E6-892609BE6181}"
EndProject
Project("{FAE04EC0-301F-11D3-BF4B-00C04F79EFBC}") = "ProcessObject", "ProcessObject\ProcessObject.csproj", "{77E3BBA4-C837-49EF-8C99-929297C2817B}"
EndProject
Project("{FAE04EC0-301F-11D3-BF4B-00C04F79EFBC}") = "AsyncProcessObject", "AsyncProcessObject\AsyncProcessObject.csproj", "{11DE5DA8-A22C-410C-862D-899D1C0B9ABA}"
EndProject
Project("{FAE04EC0-301F-11D3-BF4B-00C04F79EFBC}") = "DeleteMultipleObjects", "DeleteMultipleObjects\DeleteMultipleObjects.csproj", "{23A671C4-98C4-4E4E-B712-23B639881FFF}"
EndProject
Project("{FAE04EC0-301F-11D3-BF4B-00C04F79EFBC}") = "DeleteBucket", "DeleteBucket\DeleteBucket.csproj", "{1CFCF2DD-C9F6-4903-A530-C7B813A6ED27}"
EndProject
Project("{FAE04EC0-301F-11D3-BF4B-00C04F79EFBC}") = "AliyunCredentialsUsage", "AliyunCredentialsUsage\AliyunCredentialsUsage.csproj", "{02A88682-C702-461A-BE45-03FE071774F1}"
EndProject
Global
	GlobalSection(SolutionConfigurationPlatforms) = preSolution
		Debug|Any CPU = Debug|Any CPU
		Release|Any CPU = Release|Any CPU
	EndGlobalSection
	GlobalSection(ProjectConfigurationPlatforms) = postSolution
		{969D3FA2-7418-4837-9CC4-B6ACBB409F3C}.Debug|Any CPU.ActiveCfg = Debug|Any CPU
		{969D3FA2-7418-4837-9CC4-B6ACBB409F3C}.Debug|Any CPU.Build.0 = Debug|Any CPU
		{969D3FA2-7418-4837-9CC4-B6ACBB409F3C}.Release|Any CPU.ActiveCfg = Release|Any CPU
		{969D3FA2-7418-4837-9CC4-B6ACBB409F3C}.Release|Any CPU.Build.0 = Release|Any CPU
		{855677C7-3A8D-4758-B1E1-0D300737C318}.Debug|Any CPU.ActiveCfg = Debug|Any CPU
		{855677C7-3A8D-4758-B1E1-0D300737C318}.Debug|Any CPU.Build.0 = Debug|Any CPU
		{855677C7-3A8D-4758-B1E1-0D300737C318}.Release|Any CPU.ActiveCfg = Release|Any CPU
		{855677C7-3A8D-4758-B1E1-0D300737C318}.Release|Any CPU.Build.0 = Release|Any CPU
		{3760A587-13D9-4869-8184-376BCCF9A9F1}.Debug|Any CPU.ActiveCfg = Debug|Any CPU
		{3760A587-13D9-4869-8184-376BCCF9A9F1}.Debug|Any CPU.Build.0 = Debug|Any CPU
		{3760A587-13D9-4869-8184-376BCCF9A9F1}.Release|Any CPU.ActiveCfg = Release|Any CPU
		{3760A587-13D9-4869-8184-376BCCF9A9F1}.Release|Any CPU.Build.0 = Release|Any CPU
		{99352F15-A1E6-4CE6-BAB4-D9999A263D8F}.Debug|Any CPU.ActiveCfg = Debug|Any CPU
		{99352F15-A1E6-4CE6-BAB4-D9999A263D8F}.Debug|Any CPU.Build.0 = Debug|Any CPU
		{99352F15-A1E6-4CE6-BAB4-D9999A263D8F}.Release|Any CPU.ActiveCfg = Release|Any CPU
		{99352F15-A1E6-4CE6-BAB4-D9999A263D8F}.Release|Any CPU.Build.0 = Release|Any CPU
		{C5BB7613-4F13-401D-AE2D-04E766D14D78}.Debug|Any CPU.ActiveCfg = Debug|Any CPU
		{C5BB7613-4F13-401D-AE2D-04E766D14D78}.Debug|Any CPU.Build.0 = Debug|Any CPU
		{C5BB7613-4F13-401D-AE2D-04E766D14D78}.Release|Any CPU.ActiveCfg = Release|Any CPU
		{C5BB7613-4F13-401D-AE2D-04E766D14D78}.Release|Any CPU.Build.0 = Release|Any CPU
		{024FC8BD-46CC-4E2F-B513-BD1351CC51A8}.Debug|Any CPU.ActiveCfg = Debug|Any CPU
		{024FC8BD-46CC-4E2F-B513-BD1351CC51A8}.Debug|Any CPU.Build.0 = Debug|Any CPU
		{024FC8BD-46CC-4E2F-B513-BD1351CC51A8}.Release|Any CPU.ActiveCfg = Release|Any CPU
		{024FC8BD-46CC-4E2F-B513-BD1351CC51A8}.Release|Any CPU.Build.0 = Release|Any CPU
		{64009374-8F59-4F3F-AFC0-65D5A3AC2EA6}.Debug|Any CPU.ActiveCfg = Debug|Any CPU
		{64009374-8F59-4F3F-AFC0-65D5A3AC2EA6}.Debug|Any CPU.Build.0 = Debug|Any CPU
		{64009374-8F59-4F3F-AFC0-65D5A3AC2EA6}.Release|Any CPU.ActiveCfg = Release|Any CPU
		{64009374-8F59-4F3F-AFC0-65D5A3AC2EA6}.Release|Any CPU.Build.0 = Release|Any CPU
		{CD6AD99F-1740-4235-AD02-78AA9CC00457}.Debug|Any CPU.ActiveCfg = Debug|Any CPU
		{CD6AD99F-1740-4235-AD02-78AA9CC00457}.Debug|Any CPU.Build.0 = Debug|Any CPU
		{CD6AD99F-1740-4235-AD02-78AA9CC00457}.Release|Any CPU.ActiveCfg = Release|Any CPU
		{CD6AD99F-1740-4235-AD02-78AA9CC00457}.Release|Any CPU.Build.0 = Release|Any CPU
		{04CAC99E-38A9-40D2-B18E-D60655364CDB}.Debug|Any CPU.ActiveCfg = Debug|Any CPU
		{04CAC99E-38A9-40D2-B18E-D60655364CDB}.Debug|Any CPU.Build.0 = Debug|Any CPU
		{04CAC99E-38A9-40D2-B18E-D60655364CDB}.Release|Any CPU.ActiveCfg = Release|Any CPU
		{04CAC99E-38A9-40D2-B18E-D60655364CDB}.Release|Any CPU.Build.0 = Release|Any CPU
		{320DA391-916E-44D7-99A7-AD68B095C8E6}.Debug|Any CPU.ActiveCfg = Debug|Any CPU
		{320DA391-916E-44D7-99A7-AD68B095C8E6}.Debug|Any CPU.Build.0 = Debug|Any CPU
		{320DA391-916E-44D7-99A7-AD68B095C8E6}.Release|Any CPU.ActiveCfg = Release|Any CPU
		{320DA391-916E-44D7-99A7-AD68B095C8E6}.Release|Any CPU.Build.0 = Release|Any CPU
		{0D8025F3-4C17-4459-9F64-5843E6800C9B}.Debug|Any CPU.ActiveCfg = Debug|Any CPU
		{0D8025F3-4C17-4459-9F64-5843E6800C9B}.Debug|Any CPU.Build.0 = Debug|Any CPU
		{0D8025F3-4C17-4459-9F64-5843E6800C9B}.Release|Any CPU.ActiveCfg = Release|Any CPU
		{0D8025F3-4C17-4459-9F64-5843E6800C9B}.Release|Any CPU.Build.0 = Release|Any CPU
		{2923930A-CA54-4763-80E3-FC61300BC23E}.Debug|Any CPU.ActiveCfg = Debug|Any CPU
		{2923930A-CA54-4763-80E3-FC61300BC23E}.Debug|Any CPU.Build.0 = Debug|Any CPU
		{2923930A-CA54-4763-80E3-FC61300BC23E}.Release|Any CPU.ActiveCfg = Release|Any CPU
		{2923930A-CA54-4763-80E3-FC61300BC23E}.Release|Any CPU.Build.0 = Release|Any CPU
		{86245727-E335-423D-8E4E-A6D2E43F3E1D}.Debug|Any CPU.ActiveCfg = Debug|Any CPU
		{86245727-E335-423D-8E4E-A6D2E43F3E1D}.Debug|Any CPU.Build.0 = Debug|Any CPU
		{86245727-E335-423D-8E4E-A6D2E43F3E1D}.Release|Any CPU.ActiveCfg = Release|Any CPU
		{86245727-E335-423D-8E4E-A6D2E43F3E1D}.Release|Any CPU.Build.0 = Release|Any CPU
		{FB17A84D-6C01-465C-B1AD-7870761E1F30}.Debug|Any CPU.ActiveCfg = Debug|Any CPU
		{FB17A84D-6C01-465C-B1AD-7870761E1F30}.Debug|Any CPU.Build.0 = Debug|Any CPU
		{FB17A84D-6C01-465C-B1AD-7870761E1F30}.Release|Any CPU.ActiveCfg = Release|Any CPU
		{FB17A84D-6C01-465C-B1AD-7870761E1F30}.Release|Any CPU.Build.0 = Release|Any CPU
		{6B449621-2879-42A7-A2C7-DED5A42060F0}.Debug|Any CPU.ActiveCfg = Debug|Any CPU
		{6B449621-2879-42A7-A2C7-DED5A42060F0}.Debug|Any CPU.Build.0 = Debug|Any CPU
		{6B449621-2879-42A7-A2C7-DED5A42060F0}.Release|Any CPU.ActiveCfg = Release|Any CPU
		{6B449621-2879-42A7-A2C7-DED5A42060F0}.Release|Any CPU.Build.0 = Release|Any CPU
		{B6E9ADA0-8CE3-4AEA-9AB3-31F7B028612E}.Debug|Any CPU.ActiveCfg = Debug|Any CPU
		{B6E9ADA0-8CE3-4AEA-9AB3-31F7B028612E}.Debug|Any CPU.Build.0 = Debug|Any CPU
		{B6E9ADA0-8CE3-4AEA-9AB3-31F7B028612E}.Release|Any CPU.ActiveCfg = Release|Any CPU
		{B6E9ADA0-8CE3-4AEA-9AB3-31F7B028612E}.Release|Any CPU.Build.0 = Release|Any CPU
		{7862779A-FA71-4553-AEEC-489E64E144C1}.Debug|Any CPU.ActiveCfg = Debug|Any CPU
		{7862779A-FA71-4553-AEEC-489E64E144C1}.Debug|Any CPU.Build.0 = Debug|Any CPU
		{7862779A-FA71-4553-AEEC-489E64E144C1}.Release|Any CPU.ActiveCfg = Release|Any CPU
		{7862779A-FA71-4553-AEEC-489E64E144C1}.Release|Any CPU.Build.0 = Release|Any CPU
		{C7FC8D56-71C2-4E4C-AFF5-32A1FC3C8F34}.Debug|Any CPU.ActiveCfg = Debug|Any CPU
		{C7FC8D56-71C2-4E4C-AFF5-32A1FC3C8F34}.Debug|Any CPU.Build.0 = Debug|Any CPU
		{C7FC8D56-71C2-4E4C-AFF5-32A1FC3C8F34}.Release|Any CPU.ActiveCfg = Release|Any CPU
		{C7FC8D56-71C2-4E4C-AFF5-32A1FC3C8F34}.Release|Any CPU.Build.0 = Release|Any CPU
		{CF51E84D-CA92-44BE-831A-C9C4E75255A6}.Debug|Any CPU.ActiveCfg = Debug|Any CPU
		{CF51E84D-CA92-44BE-831A-C9C4E75255A6}.Debug|Any CPU.Build.0 = Debug|Any CPU
		{CF51E84D-CA92-44BE-831A-C9C4E75255A6}.Release|Any CPU.ActiveCfg = Release|Any CPU
		{CF51E84D-CA92-44BE-831A-C9C4E75255A6}.Release|Any CPU.Build.0 = Release|Any CPU
		{9CFA374A-627C-447D-A03F-6470D90AAA99}.Debug|Any CPU.ActiveCfg = Debug|Any CPU
		{9CFA374A-627C-447D-A03F-6470D90AAA99}.Debug|Any CPU.Build.0 = Debug|Any CPU
		{9CFA374A-627C-447D-A03F-6470D90AAA99}.Release|Any CPU.ActiveCfg = Release|Any CPU
		{9CFA374A-627C-447D-A03F-6470D90AAA99}.Release|Any CPU.Build.0 = Release|Any CPU
		{8CB744D0-F9A6-4BC4-B675-D49F67300F31}.Debug|Any CPU.ActiveCfg = Debug|Any CPU
		{8CB744D0-F9A6-4BC4-B675-D49F67300F31}.Debug|Any CPU.Build.0 = Debug|Any CPU
		{8CB744D0-F9A6-4BC4-B675-D49F67300F31}.Release|Any CPU.ActiveCfg = Release|Any CPU
		{8CB744D0-F9A6-4BC4-B675-D49F67300F31}.Release|Any CPU.Build.0 = Release|Any CPU
		{F616A91F-E565-4D40-9A4B-1A990A1209AA}.Debug|Any CPU.ActiveCfg = Debug|Any CPU
		{F616A91F-E565-4D40-9A4B-1A990A1209AA}.Debug|Any CPU.Build.0 = Debug|Any CPU
		{F616A91F-E565-4D40-9A4B-1A990A1209AA}.Release|Any CPU.ActiveCfg = Release|Any CPU
		{F616A91F-E565-4D40-9A4B-1A990A1209AA}.Release|Any CPU.Build.0 = Release|Any CPU
		{3E95ABBA-56B2-4014-8BF4-D18A3DDBA90F}.Debug|Any CPU.ActiveCfg = Debug|Any CPU
		{3E95ABBA-56B2-4014-8BF4-D18A3DDBA90F}.Debug|Any CPU.Build.0 = Debug|Any CPU
		{3E95ABBA-56B2-4014-8BF4-D18A3DDBA90F}.Release|Any CPU.ActiveCfg = Release|Any CPU
		{3E95ABBA-56B2-4014-8BF4-D18A3DDBA90F}.Release|Any CPU.Build.0 = Release|Any CPU
		{32A24DA3-97A5-4508-A30E-BC51A6C6B207}.Debug|Any CPU.ActiveCfg = Debug|Any CPU
		{32A24DA3-97A5-4508-A30E-BC51A6C6B207}.Debug|Any CPU.Build.0 = Debug|Any CPU
		{32A24DA3-97A5-4508-A30E-BC51A6C6B207}.Release|Any CPU.ActiveCfg = Release|Any CPU
		{32A24DA3-97A5-4508-A30E-BC51A6C6B207}.Release|Any CPU.Build.0 = Release|Any CPU
		{B7236AAB-3EF7-484F-8CD9-87793503B17A}.Debug|Any CPU.ActiveCfg = Debug|Any CPU
		{B7236AAB-3EF7-484F-8CD9-87793503B17A}.Debug|Any CPU.Build.0 = Debug|Any CPU
		{B7236AAB-3EF7-484F-8CD9-87793503B17A}.Release|Any CPU.ActiveCfg = Release|Any CPU
		{B7236AAB-3EF7-484F-8CD9-87793503B17A}.Release|Any CPU.Build.0 = Release|Any CPU
		{FDD43A26-EABD-4303-A8D4-330A02C8288F}.Debug|Any CPU.ActiveCfg = Debug|Any CPU
		{FDD43A26-EABD-4303-A8D4-330A02C8288F}.Debug|Any CPU.Build.0 = Debug|Any CPU
		{FDD43A26-EABD-4303-A8D4-330A02C8288F}.Release|Any CPU.ActiveCfg = Release|Any CPU
		{FDD43A26-EABD-4303-A8D4-330A02C8288F}.Release|Any CPU.Build.0 = Release|Any CPU
		{093A1EDF-E5C4-43E4-BCE1-996D1F44ABB3}.Debug|Any CPU.ActiveCfg = Debug|Any CPU
		{093A1EDF-E5C4-43E4-BCE1-996D1F44ABB3}.Debug|Any CPU.Build.0 = Debug|Any CPU
		{093A1EDF-E5C4-43E4-BCE1-996D1F44ABB3}.Release|Any CPU.ActiveCfg = Release|Any CPU
		{093A1EDF-E5C4-43E4-BCE1-996D1F44ABB3}.Release|Any CPU.Build.0 = Release|Any CPU
		{15170912-6CAC-495A-86FF-959FEE1847DE}.Debug|Any CPU.ActiveCfg = Debug|Any CPU
		{15170912-6CAC-495A-86FF-959FEE1847DE}.Debug|Any CPU.Build.0 = Debug|Any CPU
		{15170912-6CAC-495A-86FF-959FEE1847DE}.Release|Any CPU.ActiveCfg = Release|Any CPU
		{15170912-6CAC-495A-86FF-959FEE1847DE}.Release|Any CPU.Build.0 = Release|Any CPU
		{16D13DC7-0BC9-40D8-8E2D-4B8A9114120C}.Debug|Any CPU.ActiveCfg = Debug|Any CPU
		{16D13DC7-0BC9-40D8-8E2D-4B8A9114120C}.Debug|Any CPU.Build.0 = Debug|Any CPU
		{16D13DC7-0BC9-40D8-8E2D-4B8A9114120C}.Release|Any CPU.ActiveCfg = Release|Any CPU
		{16D13DC7-0BC9-40D8-8E2D-4B8A9114120C}.Release|Any CPU.Build.0 = Release|Any CPU
		{283F65F4-5F91-4BA0-B694-D93826990182}.Debug|Any CPU.ActiveCfg = Debug|Any CPU
		{283F65F4-5F91-4BA0-B694-D93826990182}.Debug|Any CPU.Build.0 = Debug|Any CPU
		{283F65F4-5F91-4BA0-B694-D93826990182}.Release|Any CPU.ActiveCfg = Release|Any CPU
		{283F65F4-5F91-4BA0-B694-D93826990182}.Release|Any CPU.Build.0 = Release|Any CPU
		{8162A796-E988-42E2-B2DF-8F76D7F33602}.Debug|Any CPU.ActiveCfg = Debug|Any CPU
		{8162A796-E988-42E2-B2DF-8F76D7F33602}.Debug|Any CPU.Build.0 = Debug|Any CPU
		{8162A796-E988-42E2-B2DF-8F76D7F33602}.Release|Any CPU.ActiveCfg = Release|Any CPU
		{8162A796-E988-42E2-B2DF-8F76D7F33602}.Release|Any CPU.Build.0 = Release|Any CPU
		{53648FC8-2D94-4446-8FA9-ADD6C11B5FBC}.Debug|Any CPU.ActiveCfg = Debug|Any CPU
		{53648FC8-2D94-4446-8FA9-ADD6C11B5FBC}.Debug|Any CPU.Build.0 = Debug|Any CPU
		{53648FC8-2D94-4446-8FA9-ADD6C11B5FBC}.Release|Any CPU.ActiveCfg = Release|Any CPU
		{53648FC8-2D94-4446-8FA9-ADD6C11B5FBC}.Release|Any CPU.Build.0 = Release|Any CPU
		{A49590B6-2ADA-42B3-B0AC-E4EA277FF892}.Debug|Any CPU.ActiveCfg = Debug|Any CPU
		{A49590B6-2ADA-42B3-B0AC-E4EA277FF892}.Debug|Any CPU.Build.0 = Debug|Any CPU
		{A49590B6-2ADA-42B3-B0AC-E4EA277FF892}.Release|Any CPU.ActiveCfg = Release|Any CPU
		{A49590B6-2ADA-42B3-B0AC-E4EA277FF892}.Release|Any CPU.Build.0 = Release|Any CPU
		{EFB63B13-5887-404A-87E6-892609BE6181}.Debug|Any CPU.ActiveCfg = Debug|Any CPU
		{EFB63B13-5887-404A-87E6-892609BE6181}.Debug|Any CPU.Build.0 = Debug|Any CPU
		{EFB63B13-5887-404A-87E6-892609BE6181}.Release|Any CPU.ActiveCfg = Release|Any CPU
		{EFB63B13-5887-404A-87E6-892609BE6181}.Release|Any CPU.Build.0 = Release|Any CPU
		{77E3BBA4-C837-49EF-8C99-929297C2817B}.Debug|Any CPU.ActiveCfg = Debug|Any CPU
		{77E3BBA4-C837-49EF-8C99-929297C2817B}.Debug|Any CPU.Build.0 = Debug|Any CPU
		{77E3BBA4-C837-49EF-8C99-929297C2817B}.Release|Any CPU.ActiveCfg = Release|Any CPU
		{77E3BBA4-C837-49EF-8C99-929297C2817B}.Release|Any CPU.Build.0 = Release|Any CPU
		{11DE5DA8-A22C-410C-862D-899D1C0B9ABA}.Debug|Any CPU.ActiveCfg = Debug|Any CPU
		{11DE5DA8-A22C-410C-862D-899D1C0B9ABA}.Debug|Any CPU.Build.0 = Debug|Any CPU
		{11DE5DA8-A22C-410C-862D-899D1C0B9ABA}.Release|Any CPU.ActiveCfg = Release|Any CPU
		{11DE5DA8-A22C-410C-862D-899D1C0B9ABA}.Release|Any CPU.Build.0 = Release|Any CPU
		{23A671C4-98C4-4E4E-B712-23B639881FFF}.Debug|Any CPU.ActiveCfg = Debug|Any CPU
		{23A671C4-98C4-4E4E-B712-23B639881FFF}.Debug|Any CPU.Build.0 = Debug|Any CPU
		{23A671C4-98C4-4E4E-B712-23B639881FFF}.Release|Any CPU.ActiveCfg = Release|Any CPU
		{23A671C4-98C4-4E4E-B712-23B639881FFF}.Release|Any CPU.Build.0 = Release|Any CPU
		{1CFCF2DD-C9F6-4903-A530-C7B813A6ED27}.Debug|Any CPU.ActiveCfg = Debug|Any CPU
		{1CFCF2DD-C9F6-4903-A530-C7B813A6ED27}.Debug|Any CPU.Build.0 = Debug|Any CPU
		{1CFCF2DD-C9F6-4903-A530-C7B813A6ED27}.Release|Any CPU.ActiveCfg = Release|Any CPU
		{1CFCF2DD-C9F6-4903-A530-C7B813A6ED27}.Release|Any CPU.Build.0 = Release|Any CPU
		{02A88682-C702-461A-BE45-03FE071774F1}.Debug|Any CPU.ActiveCfg = Debug|Any CPU
		{02A88682-C702-461A-BE45-03FE071774F1}.Debug|Any CPU.Build.0 = Debug|Any CPU
		{02A88682-C702-461A-BE45-03FE071774F1}.Release|Any CPU.ActiveCfg = Release|Any CPU
		{02A88682-C702-461A-BE45-03FE071774F1}.Release|Any CPU.Build.0 = Release|Any CPU
	EndGlobalSection
	GlobalSection(SolutionProperties) = preSolution
		HideSolutionNode = FALSE
	EndGlobalSection
EndGlobal
